
Microsoft Visual Studio Solution File, Format Version 12.00
# Visual Studio Version 17
VisualStudioVersion = 17.1.32407.343
MinimumVisualStudioVersion = 10.0.40219.1
Project("{9A19103F-16F7-4668-BE54-9A1E7A4F7556}") = "WebAPI", "WebAPI\WebAPI.csproj", "{E3A4E0D7-AD2D-4DD9-8C27-1FD13D27A058}"
EndProject
Project("{FAE04EC0-301F-11D3-BF4B-00C04F79EFBC}") = "WebAPIUnitTests", "WebAPIUnitTests\WebAPIUnitTests.csproj", "{3384DB8E-F144-40AE-8442-2B1BAE019364}"
EndProject
Global
	GlobalSection(SolutionConfigurationPlatforms) = preSolution
		Debug|Any CPU = Debug|Any CPU
		Release|Any CPU = Release|Any CPU
	EndGlobalSection
	GlobalSection(ProjectConfigurationPlatforms) = postSolution
		{E3A4E0D7-AD2D-4DD9-8C27-1FD13D27A058}.Debug|Any CPU.ActiveCfg = Debug|Any CPU
		{E3A4E0D7-AD2D-4DD9-8C27-1FD13D27A058}.Debug|Any CPU.Build.0 = Debug|Any CPU
		{E3A4E0D7-AD2D-4DD9-8C27-1FD13D27A058}.Release|Any CPU.ActiveCfg = Release|Any CPU
		{E3A4E0D7-AD2D-4DD9-8C27-1FD13D27A058}.Release|Any CPU.Build.0 = Release|Any CPU
		{3384DB8E-F144-40AE-8442-2B1BAE019364}.Debug|Any CPU.ActiveCfg = Debug|Any CPU
		{3384DB8E-F144-40AE-8442-2B1BAE019364}.Debug|Any CPU.Build.0 = Debug|Any CPU
		{3384DB8E-F144-40AE-8442-2B1BAE019364}.Release|Any CPU.ActiveCfg = Release|Any CPU
		{3384DB8E-F144-40AE-8442-2B1BAE019364}.Release|Any CPU.Build.0 = Release|Any CPU
	EndGlobalSection
	GlobalSection(SolutionProperties) = preSolution
		HideSolutionNode = FALSE
	EndGlobalSection
	GlobalSection(ExtensibilityGlobals) = postSolution
		SolutionGuid = {C4383D2D-8D76-4F2A-9EDE-03BE60DC33F5}
	EndGlobalSection
EndGlobal
